
Microsoft Visual Studio Solution File, Format Version 12.00
# Visual Studio Version 16
VisualStudioVersion = 16.0.29519.87
MinimumVisualStudioVersion = 10.0.40219.1
Project("{FAE04EC0-301F-11D3-BF4B-00C04F79EFBC}") = "ITMO.WFCS.HW", "ITMO.WFCS.HW\ITMO.WFCS.HW.csproj", "{0F9B62A9-1DDE-46A2-85EA-F7A129EE9966}"
EndProject
Project("{FAE04EC0-301F-11D3-BF4B-00C04F79EFBC}") = "ITMO.WFCS.L4U4", "L4U4\ITMO.WFCS.L4U4.csproj", "{3E57DE7F-48BB-4C68-B3C3-4617F47C0CE0}"
EndProject
Project("{FAE04EC0-301F-11D3-BF4B-00C04F79EFBC}") = "ITMO.WFCS.L5U1", "ITMO.WFCS.L5U1\ITMO.WFCS.L5U1.csproj", "{F33B0F70-29DE-4B38-A611-5262EB558255}"
EndProject
Project("{FAE04EC0-301F-11D3-BF4B-00C04F79EFBC}") = "ITMO.WFCS.L5U2_PDF_Reader", "ITMO.WFCS.L5U2_PDF_Reader\ITMO.WFCS.L5U2_PDF_Reader.csproj", "{2376958A-3F08-4F4B-A8B0-338487B74844}"
EndProject
Project("{FAE04EC0-301F-11D3-BF4B-00C04F79EFBC}") = "ITMO.WFCS.L5U3_WinAnim", "ITMO.WFCS.L5U3_WinAnim\ITMO.WFCS.L5U3_WinAnim.csproj", "{AD67EC5C-386D-4AB0-8E87-E9F8422A3B4C}"
EndProject
Project("{FAE04EC0-301F-11D3-BF4B-00C04F79EFBC}") = "ITMO.WFCS.L6U1_WinGrafSinLine", "ITMO.WFCS.L6U1_WinGrafSinLine\ITMO.WFCS.L6U1_WinGrafSinLine.csproj", "{62EB8DD5-0A24-4FAD-9C64-A5E1EE499A28}"
EndProject
Project("{FAE04EC0-301F-11D3-BF4B-00C04F79EFBC}") = "ITMO.WFCS.L6U2_Balls", "ITMO.WFCS.L6U2_Balls\ITMO.WFCS.L6U2_Balls.csproj", "{C2BFC4D5-A56C-401F-A3A0-3A47C3DECAAE}"
EndProject
Project("{FAE04EC0-301F-11D3-BF4B-00C04F79EFBC}") = "ITMO.WFCS.L6U3_WindowsFormsChart", "ITMO.WFCS.L6U3_WindowsFormsChart\ITMO.WFCS.L6U3_WindowsFormsChart.csproj", "{63E2C657-AB25-46FD-BD6D-7EB877ADE817}"
EndProject
Project("{FAE04EC0-301F-11D3-BF4B-00C04F79EFBC}") = "ITMO.WFCS.L7U1_WinBackgroundWorker", "ITMO.WFCS.L7U1_WinBackgroundWorker\ITMO.WFCS.L7U1_WinBackgroundWorker.csproj", "{C3CD3221-1827-4BE8-83CA-DA54BBF136E5}"
EndProject
Project("{FAE04EC0-301F-11D3-BF4B-00C04F79EFBC}") = "ITMO.WFCS.L7U2_WinAsynchDelegate", "ITMO.WFCS.L7U2_WinAsynchDelegate\ITMO.WFCS.L7U2_WinAsynchDelegate.csproj", "{F42D215C-7413-42B9-8CB3-06631C8AC82A}"
EndProject
Project("{FAE04EC0-301F-11D3-BF4B-00C04F79EFBC}") = "ITMO.WFCS.L7U3_WinAsynchMethod", "ITMO.WFCS.L7U3_WinAsynchMethod\ITMO.WFCS.L7U3_WinAsynchMethod.csproj", "{7B743BBE-25C0-46D6-A460-5D3BB20F4722}"
EndProject
Project("{FAE04EC0-301F-11D3-BF4B-00C04F79EFBC}") = "ITMO.WFCS.L7U5_Check", "ITMO.WFCS.L7U5_Check\ITMO.WFCS.L7U5_Check.csproj", "{11D876C9-D3F4-43F0-8114-D5A1CF00031D}"
EndProject
Project("{FAE04EC0-301F-11D3-BF4B-00C04F79EFBC}") = "ITMO.WFCS.L1U1", "Lab1\lab1\lab1\lab1\ITMO.WFCS.L1U1.csproj", "{CE113F38-B32C-4932-A2D6-41646FA1832E}"
EndProject
Project("{FAE04EC0-301F-11D3-BF4B-00C04F79EFBC}") = "ITMO.WFCS.L1U2_3", "Lab1\lab2,3\lab2\lab2\ITMO.WFCS.L1U2_3.csproj", "{CAEEC5BB-B796-4D7D-B56C-74722379E93A}"
EndProject
Project("{FAE04EC0-301F-11D3-BF4B-00C04F79EFBC}") = "ITMO.WFCS.L1U4", "Lab1\lab4\ITMO.CSWF.Lab4\ITMO.CSWF.Lab4\ITMO.WFCS.L1U4.csproj", "{82FD3FEF-D4CD-4266-A723-42B4E11EDD11}"
EndProject
Project("{FAE04EC0-301F-11D3-BF4B-00C04F79EFBC}") = "ITMO.WFCS.L1U5-1", "Lab1\Lab5_ck\ITMO.CSWF.Lab5-1\ITMO.CSWF.Lab5\ITMO.WFCS.L1U5-1.csproj", "{D3963086-338E-411B-8C73-0470D3311817}"
EndProject
Project("{FAE04EC0-301F-11D3-BF4B-00C04F79EFBC}") = "ITMO.WFCS.L1U5-2", "Lab1\Lab5_ck\ITMO.CSWF.Lab5-2\ITMO.CSWF.Lab5-2\ITMO.WFCS.L1U5-2.csproj", "{DDCF69C1-4A14-40F4-901F-84373A08C86E}"
EndProject
Project("{FAE04EC0-301F-11D3-BF4B-00C04F79EFBC}") = "ITMO.WFCS.L2U1", "Lab2\UPR1\ITMO.WFCS.L2U1\ITMO.WFCS.L2U1\ITMO.WFCS.L2U1.csproj", "{CA723AF9-4431-499C-B254-2B1043D619AD}"
EndProject
Project("{FAE04EC0-301F-11D3-BF4B-00C04F79EFBC}") = "ITMO.WFCS.L2U2", "Lab2\UPR2\ITMO.WFCS.L2U2\ITMO.WFCS.L2U2\ITMO.WFCS.L2U2.csproj", "{9A5E1CA1-E258-41B6-8AFA-3C10B109D357}"
EndProject
Project("{FAE04EC0-301F-11D3-BF4B-00C04F79EFBC}") = "ITMO.WFCS.L2U5", "Lab2\UPR5\ITMO.WFCS.L2U5\ITMO.WFCS.L2U5\ITMO.WFCS.L2U5.csproj", "{B98D1B1C-C058-4641-B0F0-305D515E01F9}"
EndProject
Project("{FAE04EC0-301F-11D3-BF4B-00C04F79EFBC}") = "ITMO.WFCS.L2U6_9", "Lab2\UPR6-9\ITMO.WFCS.L2U6-9\ITMO.WFCS.L2U6\ITMO.WFCS.L2U6_9.csproj", "{BC9C0FE0-8650-4EBA-A2B6-15CD0158912B}"
EndProject
Project("{FAE04EC0-301F-11D3-BF4B-00C04F79EFBC}") = "ITMO.WFCS.L2U7", "Lab2\UPR7\ITMO.WFCS.L2U7\ITMO.WFCS.L2U7\ITMO.WFCS.L2U7.csproj", "{8D4BEBBF-735C-4287-9755-9039AB26A344}"
EndProject
Project("{FAE04EC0-301F-11D3-BF4B-00C04F79EFBC}") = "ITMO.WFCS.L2U8", "Lab2\UPR8\ITMO.WFCS.L2U8\ITMO.WFCS.L2U8\ITMO.WFCS.L2U8.csproj", "{EFEB9226-680E-4EDC-A5FA-DD9DB706742B}"
EndProject
Project("{FAE04EC0-301F-11D3-BF4B-00C04F79EFBC}") = "ITMO.WFCS.L3U1", "lab3\UPR1\ITMO.WFCS.L3U1\ITMO.WFCS.L3U1\ITMO.WFCS.L3U1.csproj", "{FBF9F934-E80B-4B64-8316-2AD82B09F60E}"
EndProject
Project("{FAE04EC0-301F-11D3-BF4B-00C04F79EFBC}") = "ITMO.WFCS.L3U2", "lab3\UPR2\ITMO.WFCS.L3U2\ITMO.WFCS.L3U2\ITMO.WFCS.L3U2.csproj", "{25B8BF4C-6B0F-4DF8-A97C-720862AAFCE5}"
EndProject
Project("{FAE04EC0-301F-11D3-BF4B-00C04F79EFBC}") = "ITMO.WFCS.l3U3", "lab3\UPR3\ITMO.WFCS.l3U3\ITMO.WFCS.l3U3\ITMO.WFCS.l3U3.csproj", "{4F095893-3053-48E5-A536-4BB414EFABA5}"
EndProject
Project("{FAE04EC0-301F-11D3-BF4B-00C04F79EFBC}") = "ITMO.WFCS.L3U4NEWAPPL", "lab3\UPR4CK\ITMO.WFCS.L3U4\ITMO.WFCS.L3U4NEWAPPL\ITMO.WFCS.L3U4NEWAPPL.csproj", "{1CF686F0-0372-4700-9713-D346C7F12931}"
EndProject
Project("{FAE04EC0-301F-11D3-BF4B-00C04F79EFBC}") = "ITMO.WFCS.L4U1", "lab4\UPR1\ITMO.WFCS.L4U1\ITMO.WFCS.L4U1\ITMO.WFCS.L4U1.csproj", "{F0DB1C1F-C8F7-4654-97BE-7D9E21C0C2FD}"
EndProject
Project("{FAE04EC0-301F-11D3-BF4B-00C04F79EFBC}") = "ITMO.WFCS.L4U2_L8U1_EditPerson", "lab4\UPR2\ITMO.FWCS.L4U2\ITMO.FWCS.L4U2\ITMO.WFCS.L4U2_L8U1_EditPerson.csproj", "{8C19BA4A-907F-467A-B9B6-D6D865EC0A0B}"
EndProject
Global
	GlobalSection(SolutionConfigurationPlatforms) = preSolution
		Debug|Any CPU = Debug|Any CPU
		Release|Any CPU = Release|Any CPU
	EndGlobalSection
	GlobalSection(ProjectConfigurationPlatforms) = postSolution
		{0F9B62A9-1DDE-46A2-85EA-F7A129EE9966}.Debug|Any CPU.ActiveCfg = Debug|Any CPU
		{0F9B62A9-1DDE-46A2-85EA-F7A129EE9966}.Debug|Any CPU.Build.0 = Debug|Any CPU
		{0F9B62A9-1DDE-46A2-85EA-F7A129EE9966}.Release|Any CPU.ActiveCfg = Release|Any CPU
		{0F9B62A9-1DDE-46A2-85EA-F7A129EE9966}.Release|Any CPU.Build.0 = Release|Any CPU
		{3E57DE7F-48BB-4C68-B3C3-4617F47C0CE0}.Debug|Any CPU.ActiveCfg = Debug|Any CPU
		{3E57DE7F-48BB-4C68-B3C3-4617F47C0CE0}.Debug|Any CPU.Build.0 = Debug|Any CPU
		{3E57DE7F-48BB-4C68-B3C3-4617F47C0CE0}.Release|Any CPU.ActiveCfg = Release|Any CPU
		{3E57DE7F-48BB-4C68-B3C3-4617F47C0CE0}.Release|Any CPU.Build.0 = Release|Any CPU
		{F33B0F70-29DE-4B38-A611-5262EB558255}.Debug|Any CPU.ActiveCfg = Debug|Any CPU
		{F33B0F70-29DE-4B38-A611-5262EB558255}.Debug|Any CPU.Build.0 = Debug|Any CPU
		{F33B0F70-29DE-4B38-A611-5262EB558255}.Release|Any CPU.ActiveCfg = Release|Any CPU
		{F33B0F70-29DE-4B38-A611-5262EB558255}.Release|Any CPU.Build.0 = Release|Any CPU
		{2376958A-3F08-4F4B-A8B0-338487B74844}.Debug|Any CPU.ActiveCfg = Debug|Any CPU
		{2376958A-3F08-4F4B-A8B0-338487B74844}.Debug|Any CPU.Build.0 = Debug|Any CPU
		{2376958A-3F08-4F4B-A8B0-338487B74844}.Release|Any CPU.ActiveCfg = Release|Any CPU
		{2376958A-3F08-4F4B-A8B0-338487B74844}.Release|Any CPU.Build.0 = Release|Any CPU
		{AD67EC5C-386D-4AB0-8E87-E9F8422A3B4C}.Debug|Any CPU.ActiveCfg = Debug|Any CPU
		{AD67EC5C-386D-4AB0-8E87-E9F8422A3B4C}.Debug|Any CPU.Build.0 = Debug|Any CPU
		{AD67EC5C-386D-4AB0-8E87-E9F8422A3B4C}.Release|Any CPU.ActiveCfg = Release|Any CPU
		{AD67EC5C-386D-4AB0-8E87-E9F8422A3B4C}.Release|Any CPU.Build.0 = Release|Any CPU
		{62EB8DD5-0A24-4FAD-9C64-A5E1EE499A28}.Debug|Any CPU.ActiveCfg = Debug|Any CPU
		{62EB8DD5-0A24-4FAD-9C64-A5E1EE499A28}.Debug|Any CPU.Build.0 = Debug|Any CPU
		{62EB8DD5-0A24-4FAD-9C64-A5E1EE499A28}.Release|Any CPU.ActiveCfg = Release|Any CPU
		{62EB8DD5-0A24-4FAD-9C64-A5E1EE499A28}.Release|Any CPU.Build.0 = Release|Any CPU
		{C2BFC4D5-A56C-401F-A3A0-3A47C3DECAAE}.Debug|Any CPU.ActiveCfg = Debug|Any CPU
		{C2BFC4D5-A56C-401F-A3A0-3A47C3DECAAE}.Debug|Any CPU.Build.0 = Debug|Any CPU
		{C2BFC4D5-A56C-401F-A3A0-3A47C3DECAAE}.Release|Any CPU.ActiveCfg = Release|Any CPU
		{C2BFC4D5-A56C-401F-A3A0-3A47C3DECAAE}.Release|Any CPU.Build.0 = Release|Any CPU
		{63E2C657-AB25-46FD-BD6D-7EB877ADE817}.Debug|Any CPU.ActiveCfg = Debug|Any CPU
		{63E2C657-AB25-46FD-BD6D-7EB877ADE817}.Debug|Any CPU.Build.0 = Debug|Any CPU
		{63E2C657-AB25-46FD-BD6D-7EB877ADE817}.Release|Any CPU.ActiveCfg = Release|Any CPU
		{63E2C657-AB25-46FD-BD6D-7EB877ADE817}.Release|Any CPU.Build.0 = Release|Any CPU
		{C3CD3221-1827-4BE8-83CA-DA54BBF136E5}.Debug|Any CPU.ActiveCfg = Debug|Any CPU
		{C3CD3221-1827-4BE8-83CA-DA54BBF136E5}.Debug|Any CPU.Build.0 = Debug|Any CPU
		{C3CD3221-1827-4BE8-83CA-DA54BBF136E5}.Release|Any CPU.ActiveCfg = Release|Any CPU
		{C3CD3221-1827-4BE8-83CA-DA54BBF136E5}.Release|Any CPU.Build.0 = Release|Any CPU
		{F42D215C-7413-42B9-8CB3-06631C8AC82A}.Debug|Any CPU.ActiveCfg = Debug|Any CPU
		{F42D215C-7413-42B9-8CB3-06631C8AC82A}.Debug|Any CPU.Build.0 = Debug|Any CPU
		{F42D215C-7413-42B9-8CB3-06631C8AC82A}.Release|Any CPU.ActiveCfg = Release|Any CPU
		{F42D215C-7413-42B9-8CB3-06631C8AC82A}.Release|Any CPU.Build.0 = Release|Any CPU
		{7B743BBE-25C0-46D6-A460-5D3BB20F4722}.Debug|Any CPU.ActiveCfg = Debug|Any CPU
		{7B743BBE-25C0-46D6-A460-5D3BB20F4722}.Debug|Any CPU.Build.0 = Debug|Any CPU
		{7B743BBE-25C0-46D6-A460-5D3BB20F4722}.Release|Any CPU.ActiveCfg = Release|Any CPU
		{7B743BBE-25C0-46D6-A460-5D3BB20F4722}.Release|Any CPU.Build.0 = Release|Any CPU
		{11D876C9-D3F4-43F0-8114-D5A1CF00031D}.Debug|Any CPU.ActiveCfg = Debug|Any CPU
		{11D876C9-D3F4-43F0-8114-D5A1CF00031D}.Debug|Any CPU.Build.0 = Debug|Any CPU
		{11D876C9-D3F4-43F0-8114-D5A1CF00031D}.Release|Any CPU.ActiveCfg = Release|Any CPU
		{11D876C9-D3F4-43F0-8114-D5A1CF00031D}.Release|Any CPU.Build.0 = Release|Any CPU
		{CE113F38-B32C-4932-A2D6-41646FA1832E}.Debug|Any CPU.ActiveCfg = Debug|Any CPU
		{CE113F38-B32C-4932-A2D6-41646FA1832E}.Debug|Any CPU.Build.0 = Debug|Any CPU
		{CE113F38-B32C-4932-A2D6-41646FA1832E}.Release|Any CPU.ActiveCfg = Release|Any CPU
		{CE113F38-B32C-4932-A2D6-41646FA1832E}.Release|Any CPU.Build.0 = Release|Any CPU
		{CAEEC5BB-B796-4D7D-B56C-74722379E93A}.Debug|Any CPU.ActiveCfg = Debug|Any CPU
		{CAEEC5BB-B796-4D7D-B56C-74722379E93A}.Debug|Any CPU.Build.0 = Debug|Any CPU
		{CAEEC5BB-B796-4D7D-B56C-74722379E93A}.Release|Any CPU.ActiveCfg = Release|Any CPU
		{CAEEC5BB-B796-4D7D-B56C-74722379E93A}.Release|Any CPU.Build.0 = Release|Any CPU
		{82FD3FEF-D4CD-4266-A723-42B4E11EDD11}.Debug|Any CPU.ActiveCfg = Debug|Any CPU
		{82FD3FEF-D4CD-4266-A723-42B4E11EDD11}.Debug|Any CPU.Build.0 = Debug|Any CPU
		{82FD3FEF-D4CD-4266-A723-42B4E11EDD11}.Release|Any CPU.ActiveCfg = Release|Any CPU
		{82FD3FEF-D4CD-4266-A723-42B4E11EDD11}.Release|Any CPU.Build.0 = Release|Any CPU
		{D3963086-338E-411B-8C73-0470D3311817}.Debug|Any CPU.ActiveCfg = Debug|Any CPU
		{D3963086-338E-411B-8C73-0470D3311817}.Debug|Any CPU.Build.0 = Debug|Any CPU
		{D3963086-338E-411B-8C73-0470D3311817}.Release|Any CPU.ActiveCfg = Release|Any CPU
		{D3963086-338E-411B-8C73-0470D3311817}.Release|Any CPU.Build.0 = Release|Any CPU
		{DDCF69C1-4A14-40F4-901F-84373A08C86E}.Debug|Any CPU.ActiveCfg = Debug|Any CPU
		{DDCF69C1-4A14-40F4-901F-84373A08C86E}.Debug|Any CPU.Build.0 = Debug|Any CPU
		{DDCF69C1-4A14-40F4-901F-84373A08C86E}.Release|Any CPU.ActiveCfg = Release|Any CPU
		{DDCF69C1-4A14-40F4-901F-84373A08C86E}.Release|Any CPU.Build.0 = Release|Any CPU
		{CA723AF9-4431-499C-B254-2B1043D619AD}.Debug|Any CPU.ActiveCfg = Debug|Any CPU
		{CA723AF9-4431-499C-B254-2B1043D619AD}.Debug|Any CPU.Build.0 = Debug|Any CPU
		{CA723AF9-4431-499C-B254-2B1043D619AD}.Release|Any CPU.ActiveCfg = Release|Any CPU
		{CA723AF9-4431-499C-B254-2B1043D619AD}.Release|Any CPU.Build.0 = Release|Any CPU
		{9A5E1CA1-E258-41B6-8AFA-3C10B109D357}.Debug|Any CPU.ActiveCfg = Debug|Any CPU
		{9A5E1CA1-E258-41B6-8AFA-3C10B109D357}.Debug|Any CPU.Build.0 = Debug|Any CPU
		{9A5E1CA1-E258-41B6-8AFA-3C10B109D357}.Release|Any CPU.ActiveCfg = Release|Any CPU
		{9A5E1CA1-E258-41B6-8AFA-3C10B109D357}.Release|Any CPU.Build.0 = Release|Any CPU
		{B98D1B1C-C058-4641-B0F0-305D515E01F9}.Debug|Any CPU.ActiveCfg = Debug|Any CPU
		{B98D1B1C-C058-4641-B0F0-305D515E01F9}.Debug|Any CPU.Build.0 = Debug|Any CPU
		{B98D1B1C-C058-4641-B0F0-305D515E01F9}.Release|Any CPU.ActiveCfg = Release|Any CPU
		{B98D1B1C-C058-4641-B0F0-305D515E01F9}.Release|Any CPU.Build.0 = Release|Any CPU
		{BC9C0FE0-8650-4EBA-A2B6-15CD0158912B}.Debug|Any CPU.ActiveCfg = Debug|Any CPU
		{BC9C0FE0-8650-4EBA-A2B6-15CD0158912B}.Debug|Any CPU.Build.0 = Debug|Any CPU
		{BC9C0FE0-8650-4EBA-A2B6-15CD0158912B}.Release|Any CPU.ActiveCfg = Release|Any CPU
		{BC9C0FE0-8650-4EBA-A2B6-15CD0158912B}.Release|Any CPU.Build.0 = Release|Any CPU
		{8D4BEBBF-735C-4287-9755-9039AB26A344}.Debug|Any CPU.ActiveCfg = Debug|Any CPU
		{8D4BEBBF-735C-4287-9755-9039AB26A344}.Debug|Any CPU.Build.0 = Debug|Any CPU
		{8D4BEBBF-735C-4287-9755-9039AB26A344}.Release|Any CPU.ActiveCfg = Release|Any CPU
		{8D4BEBBF-735C-4287-9755-9039AB26A344}.Release|Any CPU.Build.0 = Release|Any CPU
		{EFEB9226-680E-4EDC-A5FA-DD9DB706742B}.Debug|Any CPU.ActiveCfg = Debug|Any CPU
		{EFEB9226-680E-4EDC-A5FA-DD9DB706742B}.Debug|Any CPU.Build.0 = Debug|Any CPU
		{EFEB9226-680E-4EDC-A5FA-DD9DB706742B}.Release|Any CPU.ActiveCfg = Release|Any CPU
		{EFEB9226-680E-4EDC-A5FA-DD9DB706742B}.Release|Any CPU.Build.0 = Release|Any CPU
		{FBF9F934-E80B-4B64-8316-2AD82B09F60E}.Debug|Any CPU.ActiveCfg = Debug|Any CPU
		{FBF9F934-E80B-4B64-8316-2AD82B09F60E}.Debug|Any CPU.Build.0 = Debug|Any CPU
		{FBF9F934-E80B-4B64-8316-2AD82B09F60E}.Release|Any CPU.ActiveCfg = Release|Any CPU
		{FBF9F934-E80B-4B64-8316-2AD82B09F60E}.Release|Any CPU.Build.0 = Release|Any CPU
		{25B8BF4C-6B0F-4DF8-A97C-720862AAFCE5}.Debug|Any CPU.ActiveCfg = Debug|Any CPU
		{25B8BF4C-6B0F-4DF8-A97C-720862AAFCE5}.Debug|Any CPU.Build.0 = Debug|Any CPU
		{25B8BF4C-6B0F-4DF8-A97C-720862AAFCE5}.Release|Any CPU.ActiveCfg = Release|Any CPU
		{25B8BF4C-6B0F-4DF8-A97C-720862AAFCE5}.Release|Any CPU.Build.0 = Release|Any CPU
		{4F095893-3053-48E5-A536-4BB414EFABA5}.Debug|Any CPU.ActiveCfg = Debug|Any CPU
		{4F095893-3053-48E5-A536-4BB414EFABA5}.Debug|Any CPU.Build.0 = Debug|Any CPU
		{4F095893-3053-48E5-A536-4BB414EFABA5}.Release|Any CPU.ActiveCfg = Release|Any CPU
		{4F095893-3053-48E5-A536-4BB414EFABA5}.Release|Any CPU.Build.0 = Release|Any CPU
		{1CF686F0-0372-4700-9713-D346C7F12931}.Debug|Any CPU.ActiveCfg = Debug|Any CPU
		{1CF686F0-0372-4700-9713-D346C7F12931}.Debug|Any CPU.Build.0 = Debug|Any CPU
		{1CF686F0-0372-4700-9713-D346C7F12931}.Release|Any CPU.ActiveCfg = Release|Any CPU
		{1CF686F0-0372-4700-9713-D346C7F12931}.Release|Any CPU.Build.0 = Release|Any CPU
		{F0DB1C1F-C8F7-4654-97BE-7D9E21C0C2FD}.Debug|Any CPU.ActiveCfg = Debug|Any CPU
		{F0DB1C1F-C8F7-4654-97BE-7D9E21C0C2FD}.Debug|Any CPU.Build.0 = Debug|Any CPU
		{F0DB1C1F-C8F7-4654-97BE-7D9E21C0C2FD}.Release|Any CPU.ActiveCfg = Release|Any CPU
		{F0DB1C1F-C8F7-4654-97BE-7D9E21C0C2FD}.Release|Any CPU.Build.0 = Release|Any CPU
		{8C19BA4A-907F-467A-B9B6-D6D865EC0A0B}.Debug|Any CPU.ActiveCfg = Debug|Any CPU
		{8C19BA4A-907F-467A-B9B6-D6D865EC0A0B}.Debug|Any CPU.Build.0 = Debug|Any CPU
		{8C19BA4A-907F-467A-B9B6-D6D865EC0A0B}.Release|Any CPU.ActiveCfg = Release|Any CPU
		{8C19BA4A-907F-467A-B9B6-D6D865EC0A0B}.Release|Any CPU.Build.0 = Release|Any CPU
	EndGlobalSection
	GlobalSection(SolutionProperties) = preSolution
		HideSolutionNode = FALSE
	EndGlobalSection
	GlobalSection(ExtensibilityGlobals) = postSolution
		SolutionGuid = {E3E56BC8-D3F1-4061-AD4F-95775773A217}
	EndGlobalSection
EndGlobal
