
Microsoft Visual Studio Solution File, Format Version 12.00
# Visual Studio Version 16
VisualStudioVersion = 16.0.29519.87
MinimumVisualStudioVersion = 10.0.40219.1
Project("{FAE04EC0-301F-11D3-BF4B-00C04F79EFBC}") = "ITMO.WFCS.HW", "ITMO.WFCS.HW\ITMO.WFCS.HW.csproj", "{0F9B62A9-1DDE-46A2-85EA-F7A129EE9966}"
EndProject
Project("{FAE04EC0-301F-11D3-BF4B-00C04F79EFBC}") = "ITMO.WFCS.L4U4", "L4U4\ITMO.WFCS.L4U4.csproj", "{3E57DE7F-48BB-4C68-B3C3-4617F47C0CE0}"
EndProject
Project("{FAE04EC0-301F-11D3-BF4B-00C04F79EFBC}") = "ITMO.WFCS.L5U1", "ITMO.WFCS.L5U1\ITMO.WFCS.L5U1.csproj", "{F33B0F70-29DE-4B38-A611-5262EB558255}"
EndProject
Project("{FAE04EC0-301F-11D3-BF4B-00C04F79EFBC}") = "ITMO.WFCS.L5U2_PDF_Reader", "ITMO.WFCS.L5U2_PDF_Reader\ITMO.WFCS.L5U2_PDF_Reader.csproj", "{2376958A-3F08-4F4B-A8B0-338487B74844}"
EndProject
Project("{FAE04EC0-301F-11D3-BF4B-00C04F79EFBC}") = "ITMO.WFCS.L5U3_WinAnim", "ITMO.WFCS.L5U3_WinAnim\ITMO.WFCS.L5U3_WinAnim.csproj", "{AD67EC5C-386D-4AB0-8E87-E9F8422A3B4C}"
EndProject
Project("{FAE04EC0-301F-11D3-BF4B-00C04F79EFBC}") = "ITMO.WFCS.L6U1_WinGrafSinLine", "ITMO.WFCS.L6U1_WinGrafSinLine\ITMO.WFCS.L6U1_WinGrafSinLine.csproj", "{62EB8DD5-0A24-4FAD-9C64-A5E1EE499A28}"
EndProject
Project("{FAE04EC0-301F-11D3-BF4B-00C04F79EFBC}") = "ITMO.WFCS.L6U2_Balls", "ITMO.WFCS.L6U2_Balls\ITMO.WFCS.L6U2_Balls.csproj", "{C2BFC4D5-A56C-401F-A3A0-3A47C3DECAAE}"
EndProject
Project("{FAE04EC0-301F-11D3-BF4B-00C04F79EFBC}") = "ITMO.WFCS.L6U3_WindowsFormsChart", "ITMO.WFCS.L6U3_WindowsFormsChart\ITMO.WFCS.L6U3_WindowsFormsChart.csproj", "{63E2C657-AB25-46FD-BD6D-7EB877ADE817}"
EndProject
Project("{FAE04EC0-301F-11D3-BF4B-00C04F79EFBC}") = "ITMO.WFCS.L7U1_WinBackgroundWorker", "ITMO.WFCS.L7U1_WinBackgroundWorker\ITMO.WFCS.L7U1_WinBackgroundWorker.csproj", "{C3CD3221-1827-4BE8-83CA-DA54BBF136E5}"
EndProject
Project("{FAE04EC0-301F-11D3-BF4B-00C04F79EFBC}") = "ITMO.WFCS.L7U2_WinAsynchDelegate", "ITMO.WFCS.L7U2_WinAsynchDelegate\ITMO.WFCS.L7U2_WinAsynchDelegate.csproj", "{F42D215C-7413-42B9-8CB3-06631C8AC82A}"
EndProject
Project("{FAE04EC0-301F-11D3-BF4B-00C04F79EFBC}") = "ITMO.WFCS.L7U3_WinAsynchMethod", "ITMO.WFCS.L7U3_WinAsynchMethod\ITMO.WFCS.L7U3_WinAsynchMethod.csproj", "{7B743BBE-25C0-46D6-A460-5D3BB20F4722}"
EndProject
Project("{FAE04EC0-301F-11D3-BF4B-00C04F79EFBC}") = "ITMO.WFCS.L7U5_Check", "ITMO.WFCS.L7U5_Check\ITMO.WFCS.L7U5_Check.csproj", "{11D876C9-D3F4-43F0-8114-D5A1CF00031D}"
EndProject
Global
	GlobalSection(SolutionConfigurationPlatforms) = preSolution
		Debug|Any CPU = Debug|Any CPU
		Release|Any CPU = Release|Any CPU
	EndGlobalSection
	GlobalSection(ProjectConfigurationPlatforms) = postSolution
		{0F9B62A9-1DDE-46A2-85EA-F7A129EE9966}.Debug|Any CPU.ActiveCfg = Debug|Any CPU
		{0F9B62A9-1DDE-46A2-85EA-F7A129EE9966}.Debug|Any CPU.Build.0 = Debug|Any CPU
		{0F9B62A9-1DDE-46A2-85EA-F7A129EE9966}.Release|Any CPU.ActiveCfg = Release|Any CPU
		{0F9B62A9-1DDE-46A2-85EA-F7A129EE9966}.Release|Any CPU.Build.0 = Release|Any CPU
		{3E57DE7F-48BB-4C68-B3C3-4617F47C0CE0}.Debug|Any CPU.ActiveCfg = Debug|Any CPU
		{3E57DE7F-48BB-4C68-B3C3-4617F47C0CE0}.Debug|Any CPU.Build.0 = Debug|Any CPU
		{3E57DE7F-48BB-4C68-B3C3-4617F47C0CE0}.Release|Any CPU.ActiveCfg = Release|Any CPU
		{3E57DE7F-48BB-4C68-B3C3-4617F47C0CE0}.Release|Any CPU.Build.0 = Release|Any CPU
		{F33B0F70-29DE-4B38-A611-5262EB558255}.Debug|Any CPU.ActiveCfg = Debug|Any CPU
		{F33B0F70-29DE-4B38-A611-5262EB558255}.Debug|Any CPU.Build.0 = Debug|Any CPU
		{F33B0F70-29DE-4B38-A611-5262EB558255}.Release|Any CPU.ActiveCfg = Release|Any CPU
		{F33B0F70-29DE-4B38-A611-5262EB558255}.Release|Any CPU.Build.0 = Release|Any CPU
		{2376958A-3F08-4F4B-A8B0-338487B74844}.Debug|Any CPU.ActiveCfg = Debug|Any CPU
		{2376958A-3F08-4F4B-A8B0-338487B74844}.Debug|Any CPU.Build.0 = Debug|Any CPU
		{2376958A-3F08-4F4B-A8B0-338487B74844}.Release|Any CPU.ActiveCfg = Release|Any CPU
		{2376958A-3F08-4F4B-A8B0-338487B74844}.Release|Any CPU.Build.0 = Release|Any CPU
		{AD67EC5C-386D-4AB0-8E87-E9F8422A3B4C}.Debug|Any CPU.ActiveCfg = Debug|Any CPU
		{AD67EC5C-386D-4AB0-8E87-E9F8422A3B4C}.Debug|Any CPU.Build.0 = Debug|Any CPU
		{AD67EC5C-386D-4AB0-8E87-E9F8422A3B4C}.Release|Any CPU.ActiveCfg = Release|Any CPU
		{AD67EC5C-386D-4AB0-8E87-E9F8422A3B4C}.Release|Any CPU.Build.0 = Release|Any CPU
		{62EB8DD5-0A24-4FAD-9C64-A5E1EE499A28}.Debug|Any CPU.ActiveCfg = Debug|Any CPU
		{62EB8DD5-0A24-4FAD-9C64-A5E1EE499A28}.Debug|Any CPU.Build.0 = Debug|Any CPU
		{62EB8DD5-0A24-4FAD-9C64-A5E1EE499A28}.Release|Any CPU.ActiveCfg = Release|Any CPU
		{62EB8DD5-0A24-4FAD-9C64-A5E1EE499A28}.Release|Any CPU.Build.0 = Release|Any CPU
		{C2BFC4D5-A56C-401F-A3A0-3A47C3DECAAE}.Debug|Any CPU.ActiveCfg = Debug|Any CPU
		{C2BFC4D5-A56C-401F-A3A0-3A47C3DECAAE}.Debug|Any CPU.Build.0 = Debug|Any CPU
		{C2BFC4D5-A56C-401F-A3A0-3A47C3DECAAE}.Release|Any CPU.ActiveCfg = Release|Any CPU
		{C2BFC4D5-A56C-401F-A3A0-3A47C3DECAAE}.Release|Any CPU.Build.0 = Release|Any CPU
		{63E2C657-AB25-46FD-BD6D-7EB877ADE817}.Debug|Any CPU.ActiveCfg = Debug|Any CPU
		{63E2C657-AB25-46FD-BD6D-7EB877ADE817}.Debug|Any CPU.Build.0 = Debug|Any CPU
		{63E2C657-AB25-46FD-BD6D-7EB877ADE817}.Release|Any CPU.ActiveCfg = Release|Any CPU
		{63E2C657-AB25-46FD-BD6D-7EB877ADE817}.Release|Any CPU.Build.0 = Release|Any CPU
		{C3CD3221-1827-4BE8-83CA-DA54BBF136E5}.Debug|Any CPU.ActiveCfg = Debug|Any CPU
		{C3CD3221-1827-4BE8-83CA-DA54BBF136E5}.Debug|Any CPU.Build.0 = Debug|Any CPU
		{C3CD3221-1827-4BE8-83CA-DA54BBF136E5}.Release|Any CPU.ActiveCfg = Release|Any CPU
		{C3CD3221-1827-4BE8-83CA-DA54BBF136E5}.Release|Any CPU.Build.0 = Release|Any CPU
		{F42D215C-7413-42B9-8CB3-06631C8AC82A}.Debug|Any CPU.ActiveCfg = Debug|Any CPU
		{F42D215C-7413-42B9-8CB3-06631C8AC82A}.Debug|Any CPU.Build.0 = Debug|Any CPU
		{F42D215C-7413-42B9-8CB3-06631C8AC82A}.Release|Any CPU.ActiveCfg = Release|Any CPU
		{F42D215C-7413-42B9-8CB3-06631C8AC82A}.Release|Any CPU.Build.0 = Release|Any CPU
		{7B743BBE-25C0-46D6-A460-5D3BB20F4722}.Debug|Any CPU.ActiveCfg = Debug|Any CPU
		{7B743BBE-25C0-46D6-A460-5D3BB20F4722}.Debug|Any CPU.Build.0 = Debug|Any CPU
		{7B743BBE-25C0-46D6-A460-5D3BB20F4722}.Release|Any CPU.ActiveCfg = Release|Any CPU
		{7B743BBE-25C0-46D6-A460-5D3BB20F4722}.Release|Any CPU.Build.0 = Release|Any CPU
		{11D876C9-D3F4-43F0-8114-D5A1CF00031D}.Debug|Any CPU.ActiveCfg = Debug|Any CPU
		{11D876C9-D3F4-43F0-8114-D5A1CF00031D}.Debug|Any CPU.Build.0 = Debug|Any CPU
		{11D876C9-D3F4-43F0-8114-D5A1CF00031D}.Release|Any CPU.ActiveCfg = Release|Any CPU
		{11D876C9-D3F4-43F0-8114-D5A1CF00031D}.Release|Any CPU.Build.0 = Release|Any CPU
	EndGlobalSection
	GlobalSection(SolutionProperties) = preSolution
		HideSolutionNode = FALSE
	EndGlobalSection
	GlobalSection(ExtensibilityGlobals) = postSolution
		SolutionGuid = {E3E56BC8-D3F1-4061-AD4F-95775773A217}
	EndGlobalSection
EndGlobal
