
Microsoft Visual Studio Solution File, Format Version 12.00
# Visual Studio Version 16
VisualStudioVersion = 16.0.29519.87
MinimumVisualStudioVersion = 10.0.40219.1
Project("{FAE04EC0-301F-11D3-BF4B-00C04F79EFBC}") = "ITMO.CSWF.Lab5-2", "ITMO.CSWF.Lab5-2\ITMO.CSWF.Lab5-2.csproj", "{DDCF69C1-4A14-40F4-901F-84373A08C86E}"
EndProject
Global
	GlobalSection(SolutionConfigurationPlatforms) = preSolution
		Debug|Any CPU = Debug|Any CPU
		Release|Any CPU = Release|Any CPU
	EndGlobalSection
	GlobalSection(ProjectConfigurationPlatforms) = postSolution
		{DDCF69C1-4A14-40F4-901F-84373A08C86E}.Debug|Any CPU.ActiveCfg = Debug|Any CPU
		{DDCF69C1-4A14-40F4-901F-84373A08C86E}.Debug|Any CPU.Build.0 = Debug|Any CPU
		{DDCF69C1-4A14-40F4-901F-84373A08C86E}.Release|Any CPU.ActiveCfg = Release|Any CPU
		{DDCF69C1-4A14-40F4-901F-84373A08C86E}.Release|Any CPU.Build.0 = Release|Any CPU
	EndGlobalSection
	GlobalSection(SolutionProperties) = preSolution
		HideSolutionNode = FALSE
	EndGlobalSection
	GlobalSection(ExtensibilityGlobals) = postSolution
		SolutionGuid = {9E4C4F9F-E1FE-4D13-B281-B100B09219C6}
	EndGlobalSection
EndGlobal
