
Microsoft Visual Studio Solution File, Format Version 12.00
# Visual Studio Version 16
VisualStudioVersion = 16.0.29519.87
MinimumVisualStudioVersion = 10.0.40219.1
Project("{FAE04EC0-301F-11D3-BF4B-00C04F79EFBC}") = "ITMO.WPFCS.L1U1_3_4_WpfHello", "ITMO.WPFCS.LABS\ITMO.WPFCS.L1U1_3_4_WpfHello.csproj", "{E470E0D5-8385-4722-981E-49BA43438C4D}"
EndProject
Project("{FAE04EC0-301F-11D3-BF4B-00C04F79EFBC}") = "ITMO.WPFCS.L1U2_WpfHelloNav", "ITMO.WPFCS.L1U2_WpfHelloNav\ITMO.WPFCS.L1U2_WpfHelloNav.csproj", "{D16087B3-1831-4875-A3DB-13AD94EECFB8}"
EndProject
Project("{FAE04EC0-301F-11D3-BF4B-00C04F79EFBC}") = "ITMO.WPFCS.L2U1_WpfRoutedEvent_2_1", "ITMO.WPFCS.L2U1_WpfRoutedEvent_2_1\ITMO.WPFCS.L2U1_WpfRoutedEvent_2_1.csproj", "{161B50B8-F46E-4557-9CDC-935D9B6EA313}"
EndProject
Project("{FAE04EC0-301F-11D3-BF4B-00C04F79EFBC}") = "ITMO.WPFCS.L2U2_WpfRoutedEvent_2_2", "ITMO.WPFCS.L2U2_WpfRoutedEvent_2_2\ITMO.WPFCS.L2U2_WpfRoutedEvent_2_2.csproj", "{8A9A5385-F8A1-496F-BD9E-B42DBF7FBD3B}"
EndProject
Project("{FAE04EC0-301F-11D3-BF4B-00C04F79EFBC}") = "ITMO.WPFCS.l3U1_2_NCommand", "ITMO.WFCS.l3U1_NCommand\ITMO.WPFCS.l3U1_2_NCommand.csproj", "{598E2409-AF39-43A5-90A4-FF02FB877087}"
EndProject
Project("{FAE04EC0-301F-11D3-BF4B-00C04F79EFBC}") = "ITMO.WPFCS.L4U1_UserIn1", "ITMO.WPFCS.L4U1_UserIn1\ITMO.WPFCS.L4U1_UserIn1.csproj", "{47826303-4981-42FC-8040-9DFB8630BF90}"
EndProject
Project("{FAE04EC0-301F-11D3-BF4B-00C04F79EFBC}") = "ITMO.WPFCS.L4U2_UserIn2", "ITMO.WPF.L4U2_UserIn2\ITMO.WPFCS.L4U2_UserIn2.csproj", "{E52A6AA4-2D57-476D-BDD2-3042F64533D9}"
EndProject
Project("{FAE04EC0-301F-11D3-BF4B-00C04F79EFBC}") = "ITMO.WPFCS.L4U3_UserIn3", "ITMO.WPFCS.L4U3_UserIn3\ITMO.WPFCS.L4U3_UserIn3.csproj", "{662E8C2F-E5E6-4536-A99F-1F858C7C4F9C}"
EndProject
Global
	GlobalSection(SolutionConfigurationPlatforms) = preSolution
		Debug|Any CPU = Debug|Any CPU
		Release|Any CPU = Release|Any CPU
	EndGlobalSection
	GlobalSection(ProjectConfigurationPlatforms) = postSolution
		{E470E0D5-8385-4722-981E-49BA43438C4D}.Debug|Any CPU.ActiveCfg = Debug|Any CPU
		{E470E0D5-8385-4722-981E-49BA43438C4D}.Debug|Any CPU.Build.0 = Debug|Any CPU
		{E470E0D5-8385-4722-981E-49BA43438C4D}.Release|Any CPU.ActiveCfg = Release|Any CPU
		{E470E0D5-8385-4722-981E-49BA43438C4D}.Release|Any CPU.Build.0 = Release|Any CPU
		{D16087B3-1831-4875-A3DB-13AD94EECFB8}.Debug|Any CPU.ActiveCfg = Debug|Any CPU
		{D16087B3-1831-4875-A3DB-13AD94EECFB8}.Debug|Any CPU.Build.0 = Debug|Any CPU
		{D16087B3-1831-4875-A3DB-13AD94EECFB8}.Release|Any CPU.ActiveCfg = Release|Any CPU
		{D16087B3-1831-4875-A3DB-13AD94EECFB8}.Release|Any CPU.Build.0 = Release|Any CPU
		{161B50B8-F46E-4557-9CDC-935D9B6EA313}.Debug|Any CPU.ActiveCfg = Debug|Any CPU
		{161B50B8-F46E-4557-9CDC-935D9B6EA313}.Debug|Any CPU.Build.0 = Debug|Any CPU
		{161B50B8-F46E-4557-9CDC-935D9B6EA313}.Release|Any CPU.ActiveCfg = Release|Any CPU
		{161B50B8-F46E-4557-9CDC-935D9B6EA313}.Release|Any CPU.Build.0 = Release|Any CPU
		{8A9A5385-F8A1-496F-BD9E-B42DBF7FBD3B}.Debug|Any CPU.ActiveCfg = Debug|Any CPU
		{8A9A5385-F8A1-496F-BD9E-B42DBF7FBD3B}.Debug|Any CPU.Build.0 = Debug|Any CPU
		{8A9A5385-F8A1-496F-BD9E-B42DBF7FBD3B}.Release|Any CPU.ActiveCfg = Release|Any CPU
		{8A9A5385-F8A1-496F-BD9E-B42DBF7FBD3B}.Release|Any CPU.Build.0 = Release|Any CPU
		{598E2409-AF39-43A5-90A4-FF02FB877087}.Debug|Any CPU.ActiveCfg = Debug|Any CPU
		{598E2409-AF39-43A5-90A4-FF02FB877087}.Debug|Any CPU.Build.0 = Debug|Any CPU
		{598E2409-AF39-43A5-90A4-FF02FB877087}.Release|Any CPU.ActiveCfg = Release|Any CPU
		{598E2409-AF39-43A5-90A4-FF02FB877087}.Release|Any CPU.Build.0 = Release|Any CPU
		{47826303-4981-42FC-8040-9DFB8630BF90}.Debug|Any CPU.ActiveCfg = Debug|Any CPU
		{47826303-4981-42FC-8040-9DFB8630BF90}.Debug|Any CPU.Build.0 = Debug|Any CPU
		{47826303-4981-42FC-8040-9DFB8630BF90}.Release|Any CPU.ActiveCfg = Release|Any CPU
		{47826303-4981-42FC-8040-9DFB8630BF90}.Release|Any CPU.Build.0 = Release|Any CPU
		{E52A6AA4-2D57-476D-BDD2-3042F64533D9}.Debug|Any CPU.ActiveCfg = Debug|Any CPU
		{E52A6AA4-2D57-476D-BDD2-3042F64533D9}.Debug|Any CPU.Build.0 = Debug|Any CPU
		{E52A6AA4-2D57-476D-BDD2-3042F64533D9}.Release|Any CPU.ActiveCfg = Release|Any CPU
		{E52A6AA4-2D57-476D-BDD2-3042F64533D9}.Release|Any CPU.Build.0 = Release|Any CPU
		{662E8C2F-E5E6-4536-A99F-1F858C7C4F9C}.Debug|Any CPU.ActiveCfg = Debug|Any CPU
		{662E8C2F-E5E6-4536-A99F-1F858C7C4F9C}.Debug|Any CPU.Build.0 = Debug|Any CPU
		{662E8C2F-E5E6-4536-A99F-1F858C7C4F9C}.Release|Any CPU.ActiveCfg = Release|Any CPU
		{662E8C2F-E5E6-4536-A99F-1F858C7C4F9C}.Release|Any CPU.Build.0 = Release|Any CPU
	EndGlobalSection
	GlobalSection(SolutionProperties) = preSolution
		HideSolutionNode = FALSE
	EndGlobalSection
	GlobalSection(ExtensibilityGlobals) = postSolution
		SolutionGuid = {F1C75370-5779-4FE7-830F-45575962AA16}
	EndGlobalSection
EndGlobal
